
Microsoft Visual Studio Solution File, Format Version 12.00
# Visual Studio 15
VisualStudioVersion = 15.0.28307.1259
MinimumVisualStudioVersion = 10.0.40219.1
Project("{FAE04EC0-301F-11D3-BF4B-00C04F79EFBC}") = "HomeManager.Utilities", "HomeManager.Utilities\HomeManager.Utilities.csproj", "{1F8DA819-9DEE-4A05-877F-C337F2264F1B}"
EndProject
Project("{FAE04EC0-301F-11D3-BF4B-00C04F79EFBC}") = "HomeManager.Utilities.Test", "HomeManager.Utilities.Test\HomeManager.Utilities.Test.csproj", "{B1D834F1-9B47-4976-B14B-DC4A0CC76554}"
EndProject
Global
	GlobalSection(SolutionConfigurationPlatforms) = preSolution
		Debug|Any CPU = Debug|Any CPU
		Release|Any CPU = Release|Any CPU
	EndGlobalSection
	GlobalSection(ProjectConfigurationPlatforms) = postSolution
		{1F8DA819-9DEE-4A05-877F-C337F2264F1B}.Debug|Any CPU.ActiveCfg = Debug|Any CPU
		{1F8DA819-9DEE-4A05-877F-C337F2264F1B}.Debug|Any CPU.Build.0 = Debug|Any CPU
		{1F8DA819-9DEE-4A05-877F-C337F2264F1B}.Release|Any CPU.ActiveCfg = Release|Any CPU
		{1F8DA819-9DEE-4A05-877F-C337F2264F1B}.Release|Any CPU.Build.0 = Release|Any CPU
		{B1D834F1-9B47-4976-B14B-DC4A0CC76554}.Debug|Any CPU.ActiveCfg = Debug|Any CPU
		{B1D834F1-9B47-4976-B14B-DC4A0CC76554}.Debug|Any CPU.Build.0 = Debug|Any CPU
		{B1D834F1-9B47-4976-B14B-DC4A0CC76554}.Release|Any CPU.ActiveCfg = Release|Any CPU
		{B1D834F1-9B47-4976-B14B-DC4A0CC76554}.Release|Any CPU.Build.0 = Release|Any CPU
	EndGlobalSection
	GlobalSection(SolutionProperties) = preSolution
		HideSolutionNode = FALSE
	EndGlobalSection
	GlobalSection(ExtensibilityGlobals) = postSolution
		SolutionGuid = {56FCA665-8635-4E64-88DD-2317E75EE87B}
	EndGlobalSection
EndGlobal
